{
  "version": 4,
  "terraform_version": "0.12.24",
  "serial": 36,
  "lineage": "5a0aa7e4-3e52-1355-579c-3fa6d8f70d28",
  "outputs": {},
  "resources": [
    {
      "module": "module.scheduled-function.module.main",
      "mode": "data",
      "type": "archive_file",
      "name": "main",
      "provider": "provider.archive",
      "instances": [
        {
          "schema_version": 0,
          "attributes": {
            "excludes": null,
            "id": "b6a3923ac3face6ecb8cd96baef5d20856c00dd1",
            "output_base64sha256": "bOizgELhCvWJVcKa4Oh2OcRG+wiSsXBq4mT/cvAHXNU=",
            "output_md5": "6f197842040ab87169018ddb603144cb",
            "output_path": "..zip",
            "output_sha": "b6a3923ac3face6ecb8cd96baef5d20856c00dd1",
            "output_size": 37493484,
            "source": [],
            "source_content": null,
            "source_content_filename": null,
            "source_dir": ".",
            "source_file": null,
            "type": "zip"
          }
        }
      ]
    },
    {
      "module": "module.scheduled-function.module.main",
      "mode": "data",
      "type": "null_data_source",
      "name": "wait_for_files",
      "provider": "provider.null",
      "instances": [
        {
          "schema_version": 0,
          "attributes": {
            "has_computed_default": "default",
            "id": "static",
            "inputs": {
              "dependent_files_id": "1277974496373349122",
              "source_dir": "."
            },
            "outputs": {
              "dependent_files_id": "1277974496373349122",
              "source_dir": "."
            },
            "random": "4464344738901182979"
          }
        }
      ]
    },
    {
      "module": "module.scheduled-function",
      "mode": "managed",
      "type": "google_cloud_scheduler_job",
      "name": "job",
      "each": "list",
      "provider": "provider.google",
      "instances": [
        {
          "index_key": 0,
          "schema_version": 0,
          "attributes": {
            "app_engine_http_target": [],
            "attempt_deadline": "",
            "description": "",
            "http_target": [],
            "id": "projects/forever-project/locations/us-central1/jobs/hello_pubsub",
            "name": "hello_pubsub",
            "project": "forever-project",
            "pubsub_target": [
              {
                "attributes": {},
                "data": "dGVzdA==",
                "topic_name": "projects/forever-project/topics/test-topic"
              }
            ],
            "region": "us-central1",
            "retry_config": [],
            "schedule": "*/2 * * * *",
            "time_zone": "Etc/UTC",
            "timeouts": null
          },
          "private": "eyJlMmJmYjczMC1lY2FhLTExZTYtOGY4OC0zNDM2M2JjN2M0YzAiOnsiY3JlYXRlIjoyNDAwMDAwMDAwMDAsImRlbGV0ZSI6MjQwMDAwMDAwMDAwfX0=",
          "dependencies": [
            "module.scheduled-function.module.pubsub_topic.google_pubsub_topic.topic"
          ]
        }
      ]
    },
    {
      "module": "module.scheduled-function.module.main",
      "mode": "managed",
      "type": "google_cloudfunctions_function",
      "name": "main",
      "provider": "provider.google",
      "instances": [
        {
          "schema_version": 0,
          "attributes": {
            "available_memory_mb": 128,
            "description": "Processes log export events provided through a Pub/Sub topic subscription.",
            "entry_point": "hello_pubsub",
            "environment_variables": null,
            "event_trigger": [
              {
                "event_type": "google.pubsub.topic.publish",
                "failure_policy": [
                  {
                    "retry": false
                  }
                ],
                "resource": "projects/forever-project/topics/test-topic"
              }
            ],
            "https_trigger_url": null,
            "id": "projects/forever-project/locations/us-central1/functions/hello_pubsub_1h1iby",
            "ingress_settings": "ALLOW_ALL",
            "labels": null,
            "max_instances": 0,
            "name": "hello_pubsub_1h1iby",
            "project": "forever-project",
            "region": "us-central1",
            "runtime": "python37",
            "service_account_email": "forever-project@appspot.gserviceaccount.com",
            "source_archive_bucket": "hello_pubsub_1h1iby",
            "source_archive_object": "6f197842040ab87169018ddb603144cb-..zip",
            "source_repository": [],
            "timeout": 30,
            "timeouts": null,
            "trigger_http": null,
            "vpc_connector": "",
            "vpc_connector_egress_settings": ""
          },
          "private": "eyJlMmJmYjczMC1lY2FhLTExZTYtOGY4OC0zNDM2M2JjN2M0YzAiOnsiY3JlYXRlIjozMDAwMDAwMDAwMDAsImRlbGV0ZSI6MzAwMDAwMDAwMDAwLCJyZWFkIjozMDAwMDAwMDAwMDAsInVwZGF0ZSI6MzAwMDAwMDAwMDAwfX0=",
          "dependencies": [
            "module.scheduled-function.module.main.google_storage_bucket.main",
            "module.scheduled-function.module.main.google_storage_bucket_object.main",
            "module.scheduled-function.module.pubsub_topic.google_pubsub_topic.topic",
            "random_string.bucket_suffix"
          ]
        }
      ]
    },
    {
      "module": "module.scheduled-function.module.pubsub_topic",
      "mode": "managed",
      "type": "google_pubsub_subscription",
      "name": "pull_subscriptions",
      "each": "list",
      "provider": "provider.google",
      "instances": []
    },
    {
      "module": "module.scheduled-function.module.pubsub_topic",
      "mode": "managed",
      "type": "google_pubsub_subscription",
      "name": "push_subscriptions",
      "each": "list",
      "provider": "provider.google",
      "instances": []
    },
    {
      "module": "module.scheduled-function.module.pubsub_topic",
      "mode": "managed",
      "type": "google_pubsub_topic",
      "name": "topic",
      "each": "list",
      "provider": "provider.google",
      "instances": [
        {
          "index_key": 0,
          "schema_version": 0,
          "attributes": {
            "id": "projects/forever-project/topics/test-topic",
            "kms_key_name": "",
            "labels": {},
            "message_storage_policy": [],
            "name": "test-topic",
            "project": "forever-project",
            "timeouts": null
          },
          "private": "eyJlMmJmYjczMC1lY2FhLTExZTYtOGY4OC0zNDM2M2JjN2M0YzAiOnsiY3JlYXRlIjozNjAwMDAwMDAwMDAsImRlbGV0ZSI6MjQwMDAwMDAwMDAwLCJ1cGRhdGUiOjM2MDAwMDAwMDAwMH19"
        }
      ]
    },
    {
      "module": "module.scheduled-function.module.main",
      "mode": "managed",
      "type": "google_storage_bucket",
      "name": "main",
      "provider": "provider.google",
      "instances": [
        {
          "schema_version": 0,
          "attributes": {
            "bucket_policy_only": false,
            "cors": [],
            "default_event_based_hold": false,
            "encryption": [],
            "force_destroy": true,
            "id": "hello_pubsub_1h1iby",
            "labels": null,
            "lifecycle_rule": [],
            "location": "US-CENTRAL1",
            "logging": [],
            "name": "hello_pubsub_1h1iby",
            "project": "forever-project",
            "requester_pays": false,
            "retention_policy": [],
            "self_link": "https://www.googleapis.com/storage/v1/b/hello_pubsub_1h1iby",
            "storage_class": "REGIONAL",
            "url": "gs://hello_pubsub_1h1iby",
            "versioning": [],
            "website": []
          },
          "private": "bnVsbA==",
          "dependencies": [
            "random_string.bucket_suffix"
          ]
        }
      ]
    },
    {
      "module": "module.scheduled-function.module.main",
      "mode": "managed",
      "type": "google_storage_bucket_object",
      "name": "main",
      "provider": "provider.google",
      "instances": [
        {
          "schema_version": 0,
          "attributes": {
            "bucket": "hello_pubsub_1h1iby",
            "cache_control": "",
            "content": null,
            "content_disposition": "attachment",
            "content_encoding": "gzip",
            "content_language": "",
            "content_type": "application/zip",
            "crc32c": "Y/DhcQ==",
            "detect_md5hash": "bxl4QgQKuHFpAY3bYDFEyw==",
            "id": "hello_pubsub_1h1iby-6f197842040ab87169018ddb603144cb-..zip",
            "md5hash": "bxl4QgQKuHFpAY3bYDFEyw==",
            "metadata": null,
            "name": "6f197842040ab87169018ddb603144cb-..zip",
            "output_name": "6f197842040ab87169018ddb603144cb-..zip",
            "self_link": "https://www.googleapis.com/storage/v1/b/hello_pubsub_1h1iby/o/6f197842040ab87169018ddb603144cb-..zip",
            "source": "..zip",
            "storage_class": "REGIONAL"
          },
          "private": "bnVsbA==",
          "dependencies": [
            "module.scheduled-function.module.main.google_storage_bucket.main",
            "random_string.bucket_suffix"
          ]
        }
      ]
    },
    {
      "module": "module.scheduled-function.module.main",
      "mode": "managed",
      "type": "null_resource",
      "name": "dependent_files",
      "provider": "provider.null",
      "instances": [
        {
          "schema_version": 0,
          "attributes": {
            "id": "1277974496373349122",
            "triggers": {}
          }
        }
      ]
    },
    {
      "mode": "managed",
      "type": "random_string",
      "name": "bucket_suffix",
      "provider": "provider.random",
      "instances": [
        {
          "schema_version": 1,
          "attributes": {
            "id": "1h1iby",
            "keepers": null,
            "length": 6,
            "lower": true,
            "min_lower": 0,
            "min_numeric": 0,
            "min_special": 0,
            "min_upper": 0,
            "number": true,
            "override_special": null,
            "result": "1h1iby",
            "special": false,
            "upper": false
          },
          "private": "eyJzY2hlbWFfdmVyc2lvbiI6IjEifQ=="
        }
      ]
    }
  ]
}
